
Microsoft Visual Studio Solution File, Format Version 12.00
# Visual Studio Version 16
VisualStudioVersion = 16.0.29519.181
MinimumVisualStudioVersion = 10.0.40219.1
Project("{FAE04EC0-301F-11D3-BF4B-00C04F79EFBC}") = "WindowsFormsApp1", "WindowsFormsApp1\WindowsFormsApp1.csproj", "{5A5C9FE0-7744-4FFB-B43D-232D9229C135}"
EndProject
Global
	GlobalSection(SolutionConfigurationPlatforms) = preSolution
		Debug|Any CPU = Debug|Any CPU
		Release|Any CPU = Release|Any CPU
	EndGlobalSection
	GlobalSection(ProjectConfigurationPlatforms) = postSolution
		{5A5C9FE0-7744-4FFB-B43D-232D9229C135}.Debug|Any CPU.ActiveCfg = Debug|Any CPU
		{5A5C9FE0-7744-4FFB-B43D-232D9229C135}.Debug|Any CPU.Build.0 = Debug|Any CPU
		{5A5C9FE0-7744-4FFB-B43D-232D9229C135}.Release|Any CPU.ActiveCfg = Release|Any CPU
		{5A5C9FE0-7744-4FFB-B43D-232D9229C135}.Release|Any CPU.Build.0 = Release|Any CPU
	EndGlobalSection
	GlobalSection(SolutionProperties) = preSolution
		HideSolutionNode = FALSE
	EndGlobalSection
	GlobalSection(ExtensibilityGlobals) = postSolution
		SolutionGuid = {B3843531-04FB-4902-8CCD-2D1DC6F43524}
	EndGlobalSection
EndGlobal
